// !$*UTF8*$!
{
	archiveVersion = 1;
	classes = {
	};
	objectVersion = 46;
	objects = {

/* Begin PBXBuildFile section */
		D75AA8181E5BEDF4002B001A /* main.m in Sources */ = {isa = PBXBuildFile; fileRef = D75AA8171E5BEDF4002B001A /* main.m */; };
		D75AA81B1E5BEDF4002B001A /* AppDelegate.m in Sources */ = {isa = PBXBuildFile; fileRef = D75AA81A1E5BEDF4002B001A /* AppDelegate.m */; };
		D75AA8211E5BEDF4002B001A /* Main.storyboard in Resources */ = {isa = PBXBuildFile; fileRef = D75AA81F1E5BEDF4002B001A /* Main.storyboard */; };
		D75AA8231E5BEDF4002B001A /* Assets.xcassets in Resources */ = {isa = PBXBuildFile; fileRef = D75AA8221E5BEDF4002B001A /* Assets.xcassets */; };
		D75AA8261E5BEDF4002B001A /* LaunchScreen.storyboard in Resources */ = {isa = PBXBuildFile; fileRef = D75AA8241E5BEDF4002B001A /* LaunchScreen.storyboard */; };
		D75AA8311E5BEDF4002B001A /* JNewsTests.m in Sources */ = {isa = PBXBuildFile; fileRef = D75AA8301E5BEDF4002B001A /* JNewsTests.m */; };
		D75AA83C1E5BEDF4002B001A /* JNewsUITests.m in Sources */ = {isa = PBXBuildFile; fileRef = D75AA83B1E5BEDF4002B001A /* JNewsUITests.m */; };
		D75AA8771E5BF2CE002B001A /* BaseViewController.m in Sources */ = {isa = PBXBuildFile; fileRef = D75AA8761E5BF2CE002B001A /* BaseViewController.m */; };
		D75AA87A1E5BF2E4002B001A /* LiveViewController.m in Sources */ = {isa = PBXBuildFile; fileRef = D75AA8791E5BF2E4002B001A /* LiveViewController.m */; };
		D75AA87D1E5BF2F2002B001A /* MineViewController.m in Sources */ = {isa = PBXBuildFile; fileRef = D75AA87C1E5BF2F2002B001A /* MineViewController.m */; };
		D75AA8801E5BF300002B001A /* NewsViewController.m in Sources */ = {isa = PBXBuildFile; fileRef = D75AA87F1E5BF300002B001A /* NewsViewController.m */; };
		D75AA8831E5BF31D002B001A /* VideoViewController.m in Sources */ = {isa = PBXBuildFile; fileRef = D75AA8821E5BF31D002B001A /* VideoViewController.m */; };
/* End PBXBuildFile section */

/* Begin PBXContainerItemProxy section */
		D75AA82D1E5BEDF4002B001A /* PBXContainerItemProxy */ = {
			isa = PBXContainerItemProxy;
			containerPortal = D75AA80B1E5BEDF4002B001A /* Project object */;
			proxyType = 1;
			remoteGlobalIDString = D75AA8121E5BEDF4002B001A;
			remoteInfo = JNews;
		};
		D75AA8381E5BEDF4002B001A /* PBXContainerItemProxy */ = {
			isa = PBXContainerItemProxy;
			containerPortal = D75AA80B1E5BEDF4002B001A /* Project object */;
			proxyType = 1;
			remoteGlobalIDString = D75AA8121E5BEDF4002B001A;
			remoteInfo = JNews;
		};
/* End PBXContainerItemProxy section */

/* Begin PBXFileReference section */
		D75AA8131E5BEDF4002B001A /* JNews.app */ = {isa = PBXFileReference; explicitFileType = wrapper.application; includeInIndex = 0; path = JNews.app; sourceTree = BUILT_PRODUCTS_DIR; };
		D75AA8171E5BEDF4002B001A /* main.m */ = {isa = PBXFileReference; lastKnownFileType = sourcecode.c.objc; path = main.m; sourceTree = "<group>"; };
		D75AA8191E5BEDF4002B001A /* AppDelegate.h */ = {isa = PBXFileReference; lastKnownFileType = sourcecode.c.h; name = AppDelegate.h; path = ../../AppDelegate.h; sourceTree = "<group>"; };
		D75AA81A1E5BEDF4002B001A /* AppDelegate.m */ = {isa = PBXFileReference; lastKnownFileType = sourcecode.c.objc; name = AppDelegate.m; path = ../../AppDelegate.m; sourceTree = "<group>"; };
		D75AA8201E5BEDF4002B001A /* Base */ = {isa = PBXFileReference; lastKnownFileType = file.storyboard; name = Base; path = Base.lproj/Main.storyboard; sourceTree = "<group>"; };
		D75AA8221E5BEDF4002B001A /* Assets.xcassets */ = {isa = PBXFileReference; lastKnownFileType = folder.assetcatalog; path = Assets.xcassets; sourceTree = "<group>"; };
		D75AA8251E5BEDF4002B001A /* Base */ = {isa = PBXFileReference; lastKnownFileType = file.storyboard; name = Base; path = Base.lproj/LaunchScreen.storyboard; sourceTree = "<group>"; };
		D75AA8271E5BEDF4002B001A /* Info.plist */ = {isa = PBXFileReference; lastKnownFileType = text.plist.xml; path = Info.plist; sourceTree = "<group>"; };
		D75AA82C1E5BEDF4002B001A /* JNewsTests.xctest */ = {isa = PBXFileReference; explicitFileType = wrapper.cfbundle; includeInIndex = 0; path = JNewsTests.xctest; sourceTree = BUILT_PRODUCTS_DIR; };
		D75AA8301E5BEDF4002B001A /* JNewsTests.m */ = {isa = PBXFileReference; lastKnownFileType = sourcecode.c.objc; path = JNewsTests.m; sourceTree = "<group>"; };
		D75AA8321E5BEDF4002B001A /* Info.plist */ = {isa = PBXFileReference; lastKnownFileType = text.plist.xml; path = Info.plist; sourceTree = "<group>"; };
		D75AA8371E5BEDF4002B001A /* JNewsUITests.xctest */ = {isa = PBXFileReference; explicitFileType = wrapper.cfbundle; includeInIndex = 0; path = JNewsUITests.xctest; sourceTree = BUILT_PRODUCTS_DIR; };
		D75AA83B1E5BEDF4002B001A /* JNewsUITests.m */ = {isa = PBXFileReference; lastKnownFileType = sourcecode.c.objc; path = JNewsUITests.m; sourceTree = "<group>"; };
		D75AA83D1E5BEDF4002B001A /* Info.plist */ = {isa = PBXFileReference; lastKnownFileType = text.plist.xml; path = Info.plist; sourceTree = "<group>"; };
		D75AA8751E5BF2CE002B001A /* BaseViewController.h */ = {isa = PBXFileReference; fileEncoding = 4; lastKnownFileType = sourcecode.c.h; path = BaseViewController.h; sourceTree = "<group>"; };
		D75AA8761E5BF2CE002B001A /* BaseViewController.m */ = {isa = PBXFileReference; fileEncoding = 4; lastKnownFileType = sourcecode.c.objc; path = BaseViewController.m; sourceTree = "<group>"; };
		D75AA8781E5BF2E4002B001A /* LiveViewController.h */ = {isa = PBXFileReference; fileEncoding = 4; lastKnownFileType = sourcecode.c.h; path = LiveViewController.h; sourceTree = "<group>"; };
		D75AA8791E5BF2E4002B001A /* LiveViewController.m */ = {isa = PBXFileReference; fileEncoding = 4; lastKnownFileType = sourcecode.c.objc; path = LiveViewController.m; sourceTree = "<group>"; };
		D75AA87B1E5BF2F2002B001A /* MineViewController.h */ = {isa = PBXFileReference; fileEncoding = 4; lastKnownFileType = sourcecode.c.h; path = MineViewController.h; sourceTree = "<group>"; };
		D75AA87C1E5BF2F2002B001A /* MineViewController.m */ = {isa = PBXFileReference; fileEncoding = 4; lastKnownFileType = sourcecode.c.objc; path = MineViewController.m; sourceTree = "<group>"; };
		D75AA87E1E5BF300002B001A /* NewsViewController.h */ = {isa = PBXFileReference; fileEncoding = 4; lastKnownFileType = sourcecode.c.h; path = NewsViewController.h; sourceTree = "<group>"; };
		D75AA87F1E5BF300002B001A /* NewsViewController.m */ = {isa = PBXFileReference; fileEncoding = 4; lastKnownFileType = sourcecode.c.objc; path = NewsViewController.m; sourceTree = "<group>"; };
		D75AA8811E5BF31D002B001A /* VideoViewController.h */ = {isa = PBXFileReference; fileEncoding = 4; lastKnownFileType = sourcecode.c.h; path = VideoViewController.h; sourceTree = "<group>"; };
		D75AA8821E5BF31D002B001A /* VideoViewController.m */ = {isa = PBXFileReference; fileEncoding = 4; lastKnownFileType = sourcecode.c.objc; path = VideoViewController.m; sourceTree = "<group>"; };
/* End PBXFileReference section */

/* Begin PBXFrameworksBuildPhase section */
		D75AA8101E5BEDF4002B001A /* Frameworks */ = {
			isa = PBXFrameworksBuildPhase;
			buildActionMask = 2147483647;
			files = (
			);
			runOnlyForDeploymentPostprocessing = 0;
		};
		D75AA8291E5BEDF4002B001A /* Frameworks */ = {
			isa = PBXFrameworksBuildPhase;
			buildActionMask = 2147483647;
			files = (
			);
			runOnlyForDeploymentPostprocessing = 0;
		};
		D75AA8341E5BEDF4002B001A /* Frameworks */ = {
			isa = PBXFrameworksBuildPhase;
			buildActionMask = 2147483647;
			files = (
			);
			runOnlyForDeploymentPostprocessing = 0;
		};
/* End PBXFrameworksBuildPhase section */

/* Begin PBXGroup section */
		D75AA80A1E5BEDF4002B001A = {
			isa = PBXGroup;
			children = (
				D75AA8151E5BEDF4002B001A /* JNews */,
				D75AA82F1E5BEDF4002B001A /* JNewsTests */,
				D75AA83A1E5BEDF4002B001A /* JNewsUITests */,
				D75AA8141E5BEDF4002B001A /* Products */,
			);
			sourceTree = "<group>";
		};
		D75AA8141E5BEDF4002B001A /* Products */ = {
			isa = PBXGroup;
			children = (
				D75AA8131E5BEDF4002B001A /* JNews.app */,
				D75AA82C1E5BEDF4002B001A /* JNewsTests.xctest */,
				D75AA8371E5BEDF4002B001A /* JNewsUITests.xctest */,
			);
			name = Products;
			sourceTree = "<group>";
		};
		D75AA8151E5BEDF4002B001A /* JNews */ = {
			isa = PBXGroup;
			children = (
				D75AA8701E5BF2A9002B001A /* Base */,
				D75AA8491E5BF111002B001A /* Live */,
				D75AA8501E5BF111002B001A /* Mine */,
				D75AA8571E5BF111002B001A /* News */,
				D75AA8651E5BF111002B001A /* Video */,
				D75AA85E1E5BF111002B001A /* Other */,
				D75AA81F1E5BEDF4002B001A /* Main.storyboard */,
				D75AA8221E5BEDF4002B001A /* Assets.xcassets */,
				D75AA8241E5BEDF4002B001A /* LaunchScreen.storyboard */,
				D75AA8271E5BEDF4002B001A /* Info.plist */,
				D75AA8161E5BEDF4002B001A /* Supporting Files */,
			);
			path = JNews;
			sourceTree = "<group>";
		};
		D75AA8161E5BEDF4002B001A /* Supporting Files */ = {
			isa = PBXGroup;
			children = (
				D75AA8171E5BEDF4002B001A /* main.m */,
			);
			name = "Supporting Files";
			sourceTree = "<group>";
		};
		D75AA82F1E5BEDF4002B001A /* JNewsTests */ = {
			isa = PBXGroup;
			children = (
				D75AA8301E5BEDF4002B001A /* JNewsTests.m */,
				D75AA8321E5BEDF4002B001A /* Info.plist */,
			);
			path = JNewsTests;
			sourceTree = "<group>";
		};
		D75AA83A1E5BEDF4002B001A /* JNewsUITests */ = {
			isa = PBXGroup;
			children = (
				D75AA83B1E5BEDF4002B001A /* JNewsUITests.m */,
				D75AA83D1E5BEDF4002B001A /* Info.plist */,
			);
			path = JNewsUITests;
			sourceTree = "<group>";
		};
		D75AA8491E5BF111002B001A /* Live */ = {
			isa = PBXGroup;
			children = (
				D75AA84A1E5BF111002B001A /* Controller */,
				D75AA84D1E5BF111002B001A /* Model */,
				D75AA84E1E5BF111002B001A /* Resource */,
				D75AA84F1E5BF111002B001A /* View */,
			);
			path = Live;
			sourceTree = "<group>";
		};
		D75AA84A1E5BF111002B001A /* Controller */ = {
			isa = PBXGroup;
			children = (
				D75AA8781E5BF2E4002B001A /* LiveViewController.h */,
				D75AA8791E5BF2E4002B001A /* LiveViewController.m */,
			);
			path = Controller;
			sourceTree = "<group>";
		};
		D75AA84D1E5BF111002B001A /* Model */ = {
			isa = PBXGroup;
			children = (
			);
			path = Model;
			sourceTree = "<group>";
		};
		D75AA84E1E5BF111002B001A /* Resource */ = {
			isa = PBXGroup;
			children = (
			);
			path = Resource;
			sourceTree = "<group>";
		};
		D75AA84F1E5BF111002B001A /* View */ = {
			isa = PBXGroup;
			children = (
			);
			path = View;
			sourceTree = "<group>";
		};
		D75AA8501E5BF111002B001A /* Mine */ = {
			isa = PBXGroup;
			children = (
				D75AA8511E5BF111002B001A /* Controller */,
				D75AA8541E5BF111002B001A /* Model */,
				D75AA8551E5BF111002B001A /* Resource */,
				D75AA8561E5BF111002B001A /* View */,
			);
			path = Mine;
			sourceTree = "<group>";
		};
		D75AA8511E5BF111002B001A /* Controller */ = {
			isa = PBXGroup;
			children = (
				D75AA87B1E5BF2F2002B001A /* MineViewController.h */,
				D75AA87C1E5BF2F2002B001A /* MineViewController.m */,
			);
			path = Controller;
			sourceTree = "<group>";
		};
		D75AA8541E5BF111002B001A /* Model */ = {
			isa = PBXGroup;
			children = (
			);
			path = Model;
			sourceTree = "<group>";
		};
		D75AA8551E5BF111002B001A /* Resource */ = {
			isa = PBXGroup;
			children = (
			);
			path = Resource;
			sourceTree = "<group>";
		};
		D75AA8561E5BF111002B001A /* View */ = {
			isa = PBXGroup;
			children = (
			);
			path = View;
			sourceTree = "<group>";
		};
		D75AA8571E5BF111002B001A /* News */ = {
			isa = PBXGroup;
			children = (
				D75AA8581E5BF111002B001A /* Controller */,
				D75AA85B1E5BF111002B001A /* Model */,
				D75AA85C1E5BF111002B001A /* Resource */,
				D75AA85D1E5BF111002B001A /* View */,
			);
			path = News;
			sourceTree = "<group>";
		};
		D75AA8581E5BF111002B001A /* Controller */ = {
			isa = PBXGroup;
			children = (
				D75AA87E1E5BF300002B001A /* NewsViewController.h */,
				D75AA87F1E5BF300002B001A /* NewsViewController.m */,
			);
			path = Controller;
			sourceTree = "<group>";
		};
		D75AA85B1E5BF111002B001A /* Model */ = {
			isa = PBXGroup;
			children = (
			);
			path = Model;
			sourceTree = "<group>";
		};
		D75AA85C1E5BF111002B001A /* Resource */ = {
			isa = PBXGroup;
			children = (
			);
			path = Resource;
			sourceTree = "<group>";
		};
		D75AA85D1E5BF111002B001A /* View */ = {
			isa = PBXGroup;
			children = (
			);
			path = View;
			sourceTree = "<group>";
		};
		D75AA85E1E5BF111002B001A /* Other */ = {
			isa = PBXGroup;
			children = (
				D75AA85F1E5BF111002B001A /* Category */,
				D75AA8601E5BF111002B001A /* CommonTools */,
				D75AA8611E5BF111002B001A /* Config */,
				D75AA8621E5BF111002B001A /* Resource */,
				D75AA8631E5BF111002B001A /* SDK */,
				D75AA8641E5BF111002B001A /* Third */,
			);
			path = Other;
			sourceTree = "<group>";
		};
		D75AA85F1E5BF111002B001A /* Category */ = {
			isa = PBXGroup;
			children = (
			);
			path = Category;
			sourceTree = "<group>";
		};
		D75AA8601E5BF111002B001A /* CommonTools */ = {
			isa = PBXGroup;
			children = (
			);
			path = CommonTools;
			sourceTree = "<group>";
		};
		D75AA8611E5BF111002B001A /* Config */ = {
			isa = PBXGroup;
			children = (
			);
			path = Config;
			sourceTree = "<group>";
		};
		D75AA8621E5BF111002B001A /* Resource */ = {
			isa = PBXGroup;
			children = (
			);
			path = Resource;
			sourceTree = "<group>";
		};
		D75AA8631E5BF111002B001A /* SDK */ = {
			isa = PBXGroup;
			children = (
			);
			path = SDK;
			sourceTree = "<group>";
		};
		D75AA8641E5BF111002B001A /* Third */ = {
			isa = PBXGroup;
			children = (
			);
			path = Third;
			sourceTree = "<group>";
		};
		D75AA8651E5BF111002B001A /* Video */ = {
			isa = PBXGroup;
			children = (
				D75AA8661E5BF111002B001A /* Controller */,
				D75AA8691E5BF111002B001A /* Model */,
				D75AA86A1E5BF111002B001A /* Resource */,
				D75AA86B1E5BF111002B001A /* View */,
			);
			path = Video;
			sourceTree = "<group>";
		};
		D75AA8661E5BF111002B001A /* Controller */ = {
			isa = PBXGroup;
			children = (
				D75AA8811E5BF31D002B001A /* VideoViewController.h */,
				D75AA8821E5BF31D002B001A /* VideoViewController.m */,
			);
			path = Controller;
			sourceTree = "<group>";
		};
		D75AA8691E5BF111002B001A /* Model */ = {
			isa = PBXGroup;
			children = (
			);
			path = Model;
			sourceTree = "<group>";
		};
		D75AA86A1E5BF111002B001A /* Resource */ = {
			isa = PBXGroup;
			children = (
			);
			path = Resource;
			sourceTree = "<group>";
		};
		D75AA86B1E5BF111002B001A /* View */ = {
			isa = PBXGroup;
			children = (
			);
			path = View;
			sourceTree = "<group>";
		};
		D75AA8701E5BF2A9002B001A /* Base */ = {
			isa = PBXGroup;
			children = (
				D75AA8711E5BF2A9002B001A /* Controller */,
				D75AA8721E5BF2A9002B001A /* Model */,
				D75AA8731E5BF2A9002B001A /* Resource */,
				D75AA8741E5BF2A9002B001A /* View */,
			);
			path = Base;
			sourceTree = "<group>";
		};
		D75AA8711E5BF2A9002B001A /* Controller */ = {
			isa = PBXGroup;
			children = (
				D75AA8191E5BEDF4002B001A /* AppDelegate.h */,
				D75AA81A1E5BEDF4002B001A /* AppDelegate.m */,
				D75AA8751E5BF2CE002B001A /* BaseViewController.h */,
				D75AA8761E5BF2CE002B001A /* BaseViewController.m */,
			);
			path = Controller;
			sourceTree = "<group>";
		};
		D75AA8721E5BF2A9002B001A /* Model */ = {
			isa = PBXGroup;
			children = (
			);
			path = Model;
			sourceTree = "<group>";
		};
		D75AA8731E5BF2A9002B001A /* Resource */ = {
			isa = PBXGroup;
			children = (
			);
			path = Resource;
			sourceTree = "<group>";
		};
		D75AA8741E5BF2A9002B001A /* View */ = {
			isa = PBXGroup;
			children = (
			);
			path = View;
			sourceTree = "<group>";
		};
/* End PBXGroup section */

/* Begin PBXNativeTarget section */
		D75AA8121E5BEDF4002B001A /* JNews */ = {
			isa = PBXNativeTarget;
			buildConfigurationList = D75AA8401E5BEDF4002B001A /* Build configuration list for PBXNativeTarget "JNews" */;
			buildPhases = (
				D75AA80F1E5BEDF4002B001A /* Sources */,
				D75AA8101E5BEDF4002B001A /* Frameworks */,
				D75AA8111E5BEDF4002B001A /* Resources */,
			);
			buildRules = (
			);
			dependencies = (
			);
			name = JNews;
			productName = JNews;
			productReference = D75AA8131E5BEDF4002B001A /* JNews.app */;
			productType = "com.apple.product-type.application";
		};
		D75AA82B1E5BEDF4002B001A /* JNewsTests */ = {
			isa = PBXNativeTarget;
			buildConfigurationList = D75AA8431E5BEDF4002B001A /* Build configuration list for PBXNativeTarget "JNewsTests" */;
			buildPhases = (
				D75AA8281E5BEDF4002B001A /* Sources */,
				D75AA8291E5BEDF4002B001A /* Frameworks */,
				D75AA82A1E5BEDF4002B001A /* Resources */,
			);
			buildRules = (
			);
			dependencies = (
				D75AA82E1E5BEDF4002B001A /* PBXTargetDependency */,
			);
			name = JNewsTests;
			productName = JNewsTests;
			productReference = D75AA82C1E5BEDF4002B001A /* JNewsTests.xctest */;
			productType = "com.apple.product-type.bundle.unit-test";
		};
		D75AA8361E5BEDF4002B001A /* JNewsUITests */ = {
			isa = PBXNativeTarget;
			buildConfigurationList = D75AA8461E5BEDF4002B001A /* Build configuration list for PBXNativeTarget "JNewsUITests" */;
			buildPhases = (
				D75AA8331E5BEDF4002B001A /* Sources */,
				D75AA8341E5BEDF4002B001A /* Frameworks */,
				D75AA8351E5BEDF4002B001A /* Resources */,
			);
			buildRules = (
			);
			dependencies = (
				D75AA8391E5BEDF4002B001A /* PBXTargetDependency */,
			);
			name = JNewsUITests;
			productName = JNewsUITests;
			productReference = D75AA8371E5BEDF4002B001A /* JNewsUITests.xctest */;
			productType = "com.apple.product-type.bundle.ui-testing";
		};
/* End PBXNativeTarget section */

/* Begin PBXProject section */
		D75AA80B1E5BEDF4002B001A /* Project object */ = {
			isa = PBXProject;
			attributes = {
				LastUpgradeCheck = 0730;
				ORGANIZATIONNAME = Joseph;
				TargetAttributes = {
					D75AA8121E5BEDF4002B001A = {
						CreatedOnToolsVersion = 7.3;
					};
					D75AA82B1E5BEDF4002B001A = {
						CreatedOnToolsVersion = 7.3;
						TestTargetID = D75AA8121E5BEDF4002B001A;
					};
					D75AA8361E5BEDF4002B001A = {
						CreatedOnToolsVersion = 7.3;
						TestTargetID = D75AA8121E5BEDF4002B001A;
					};
				};
			};
			buildConfigurationList = D75AA80E1E5BEDF4002B001A /* Build configuration list for PBXProject "JNews" */;
			compatibilityVersion = "Xcode 3.2";
			developmentRegion = English;
			hasScannedForEncodings = 0;
			knownRegions = (
				en,
				Base,
			);
			mainGroup = D75AA80A1E5BEDF4002B001A;
			productRefGroup = D75AA8141E5BEDF4002B001A /* Products */;
			projectDirPath = "";
			projectRoot = "";
			targets = (
				D75AA8121E5BEDF4002B001A /* JNews */,
				D75AA82B1E5BEDF4002B001A /* JNewsTests */,
				D75AA8361E5BEDF4002B001A /* JNewsUITests */,
			);
		};
/* End PBXProject section */

/* Begin PBXResourcesBuildPhase section */
		D75AA8111E5BEDF4002B001A /* Resources */ = {
			isa = PBXResourcesBuildPhase;
			buildActionMask = 2147483647;
			files = (
				D75AA8261E5BEDF4002B001A /* LaunchScreen.storyboard in Resources */,
				D75AA8231E5BEDF4002B001A /* Assets.xcassets in Resources */,
				D75AA8211E5BEDF4002B001A /* Main.storyboard in Resources */,
			);
			runOnlyForDeploymentPostprocessing = 0;
		};
		D75AA82A1E5BEDF4002B001A /* Resources */ = {
			isa = PBXResourcesBuildPhase;
			buildActionMask = 2147483647;
			files = (
			);
			runOnlyForDeploymentPostprocessing = 0;
		};
		D75AA8351E5BEDF4002B001A /* Resources */ = {
			isa = PBXResourcesBuildPhase;
			buildActionMask = 2147483647;
			files = (
			);
			runOnlyForDeploymentPostprocessing = 0;
		};
/* End PBXResourcesBuildPhase section */

/* Begin PBXSourcesBuildPhase section */
		D75AA80F1E5BEDF4002B001A /* Sources */ = {
			isa = PBXSourcesBuildPhase;
			buildActionMask = 2147483647;
			files = (
				D75AA81B1E5BEDF4002B001A /* AppDelegate.m in Sources */,
				D75AA8771E5BF2CE002B001A /* BaseViewController.m in Sources */,
				D75AA87D1E5BF2F2002B001A /* MineViewController.m in Sources */,
				D75AA8801E5BF300002B001A /* NewsViewController.m in Sources */,
				D75AA8831E5BF31D002B001A /* VideoViewController.m in Sources */,
				D75AA87A1E5BF2E4002B001A /* LiveViewController.m in Sources */,
				D75AA8181E5BEDF4002B001A /* main.m in Sources */,
			);
			runOnlyForDeploymentPostprocessing = 0;
		};
		D75AA8281E5BEDF4002B001A /* Sources */ = {
			isa = PBXSourcesBuildPhase;
			buildActionMask = 2147483647;
			files = (
				D75AA8311E5BEDF4002B001A /* JNewsTests.m in Sources */,
			);
			runOnlyForDeploymentPostprocessing = 0;
		};
		D75AA8331E5BEDF4002B001A /* Sources */ = {
			isa = PBXSourcesBuildPhase;
			buildActionMask = 2147483647;
			files = (
				D75AA83C1E5BEDF4002B001A /* JNewsUITests.m in Sources */,
			);
			runOnlyForDeploymentPostprocessing = 0;
		};
/* End PBXSourcesBuildPhase section */

/* Begin PBXTargetDependency section */
		D75AA82E1E5BEDF4002B001A /* PBXTargetDependency */ = {
			isa = PBXTargetDependency;
			target = D75AA8121E5BEDF4002B001A /* JNews */;
			targetProxy = D75AA82D1E5BEDF4002B001A /* PBXContainerItemProxy */;
		};
		D75AA8391E5BEDF4002B001A /* PBXTargetDependency */ = {
			isa = PBXTargetDependency;
			target = D75AA8121E5BEDF4002B001A /* JNews */;
			targetProxy = D75AA8381E5BEDF4002B001A /* PBXContainerItemProxy */;
		};
/* End PBXTargetDependency section */

/* Begin PBXVariantGroup section */
		D75AA81F1E5BEDF4002B001A /* Main.storyboard */ = {
			isa = PBXVariantGroup;
			children = (
				D75AA8201E5BEDF4002B001A /* Base */,
			);
			name = Main.storyboard;
			sourceTree = "<group>";
		};
		D75AA8241E5BEDF4002B001A /* LaunchScreen.storyboard */ = {
			isa = PBXVariantGroup;
			children = (
				D75AA8251E5BEDF4002B001A /* Base */,
			);
			name = LaunchScreen.storyboard;
			sourceTree = "<group>";
		};
/* End PBXVariantGroup section */

/* Begin XCBuildConfiguration section */
		D75AA83E1E5BEDF4002B001A /* Debug */ = {
			isa = XCBuildConfiguration;
			buildSettings = {
				ALWAYS_SEARCH_USER_PATHS = NO;
				CLANG_ANALYZER_NONNULL = YES;
				CLANG_CXX_LANGUAGE_STANDARD = "gnu++0x";
				CLANG_CXX_LIBRARY = "libc++";
				CLANG_ENABLE_MODULES = YES;
				CLANG_ENABLE_OBJC_ARC = YES;
				CLANG_WARN_BOOL_CONVERSION = YES;
				CLANG_WARN_CONSTANT_CONVERSION = YES;
				CLANG_WARN_DIRECT_OBJC_ISA_USAGE = YES_ERROR;
				CLANG_WARN_EMPTY_BODY = YES;
				CLANG_WARN_ENUM_CONVERSION = YES;
				CLANG_WARN_INT_CONVERSION = YES;
				CLANG_WARN_OBJC_ROOT_CLASS = YES_ERROR;
				CLANG_WARN_UNREACHABLE_CODE = YES;
				CLANG_WARN__DUPLICATE_METHOD_MATCH = YES;
				"CODE_SIGN_IDENTITY[sdk=iphoneos*]" = "iPhone Developer";
				COPY_PHASE_STRIP = NO;
				DEBUG_INFORMATION_FORMAT = dwarf;
				ENABLE_STRICT_OBJC_MSGSEND = YES;
				ENABLE_TESTABILITY = YES;
				GCC_C_LANGUAGE_STANDARD = gnu99;
				GCC_DYNAMIC_NO_PIC = NO;
				GCC_NO_COMMON_BLOCKS = YES;
				GCC_OPTIMIZATION_LEVEL = 0;
				GCC_PREPROCESSOR_DEFINITIONS = (
					"DEBUG=1",
					"$(inherited)",
				);
				GCC_WARN_64_TO_32_BIT_CONVERSION = YES;
				GCC_WARN_ABOUT_RETURN_TYPE = YES_ERROR;
				GCC_WARN_UNDECLARED_SELECTOR = YES;
				GCC_WARN_UNINITIALIZED_AUTOS = YES_AGGRESSIVE;
				GCC_WARN_UNUSED_FUNCTION = YES;
				GCC_WARN_UNUSED_VARIABLE = YES;
				IPHONEOS_DEPLOYMENT_TARGET = 9.3;
				MTL_ENABLE_DEBUG_INFO = YES;
				ONLY_ACTIVE_ARCH = YES;
				SDKROOT = iphoneos;
			};
			name = Debug;
		};
		D75AA83F1E5BEDF4002B001A /* Release */ = {
			isa = XCBuildConfiguration;
			buildSettings = {
				ALWAYS_SEARCH_USER_PATHS = NO;
				CLANG_ANALYZER_NONNULL = YES;
				CLANG_CXX_LANGUAGE_STANDARD = "gnu++0x";
				CLANG_CXX_LIBRARY = "libc++";
				CLANG_ENABLE_MODULES = YES;
				CLANG_ENABLE_OBJC_ARC = YES;
				CLANG_WARN_BOOL_CONVERSION = YES;
				CLANG_WARN_CONSTANT_CONVERSION = YES;
				CLANG_WARN_DIRECT_OBJC_ISA_USAGE = YES_ERROR;
				CLANG_WARN_EMPTY_BODY = YES;
				CLANG_WARN_ENUM_CONVERSION = YES;
				CLANG_WARN_INT_CONVERSION = YES;
				CLANG_WARN_OBJC_ROOT_CLASS = YES_ERROR;
				CLANG_WARN_UNREACHABLE_CODE = YES;
				CLANG_WARN__DUPLICATE_METHOD_MATCH = YES;
				"CODE_SIGN_IDENTITY[sdk=iphoneos*]" = "iPhone Developer";
				COPY_PHASE_STRIP = NO;
				DEBUG_INFORMATION_FORMAT = "dwarf-with-dsym";
				ENABLE_NS_ASSERTIONS = NO;
				ENABLE_STRICT_OBJC_MSGSEND = YES;
				GCC_C_LANGUAGE_STANDARD = gnu99;
				GCC_NO_COMMON_BLOCKS = YES;
				GCC_WARN_64_TO_32_BIT_CONVERSION = YES;
				GCC_WARN_ABOUT_RETURN_TYPE = YES_ERROR;
				GCC_WARN_UNDECLARED_SELECTOR = YES;
				GCC_WARN_UNINITIALIZED_AUTOS = YES_AGGRESSIVE;
				GCC_WARN_UNUSED_FUNCTION = YES;
				GCC_WARN_UNUSED_VARIABLE = YES;
				IPHONEOS_DEPLOYMENT_TARGET = 9.3;
				MTL_ENABLE_DEBUG_INFO = NO;
				SDKROOT = iphoneos;
				VALIDATE_PRODUCT = YES;
			};
			name = Release;
		};
		D75AA8411E5BEDF4002B001A /* Debug */ = {
			isa = XCBuildConfiguration;
			buildSettings = {
				ASSETCATALOG_COMPILER_APPICON_NAME = AppIcon;
				INFOPLIST_FILE = JNews/Info.plist;
				LD_RUNPATH_SEARCH_PATHS = "$(inherited) @executable_path/Frameworks";
				PRODUCT_BUNDLE_IDENTIFIER = com.LassZhang.JNews;
				PRODUCT_NAME = "$(TARGET_NAME)";
			};
			name = Debug;
		};
		D75AA8421E5BEDF4002B001A /* Release */ = {
			isa = XCBuildConfiguration;
			buildSettings = {
				ASSETCATALOG_COMPILER_APPICON_NAME = AppIcon;
				INFOPLIST_FILE = JNews/Info.plist;
				LD_RUNPATH_SEARCH_PATHS = "$(inherited) @executable_path/Frameworks";
				PRODUCT_BUNDLE_IDENTIFIER = com.LassZhang.JNews;
				PRODUCT_NAME = "$(TARGET_NAME)";
			};
			name = Release;
		};
		D75AA8441E5BEDF4002B001A /* Debug */ = {
			isa = XCBuildConfiguration;
			buildSettings = {
				BUNDLE_LOADER = "$(TEST_HOST)";
				INFOPLIST_FILE = JNewsTests/Info.plist;
				LD_RUNPATH_SEARCH_PATHS = "$(inherited) @executable_path/Frameworks @loader_path/Frameworks";
				PRODUCT_BUNDLE_IDENTIFIER = com.LassZhang.JNewsTests;
				PRODUCT_NAME = "$(TARGET_NAME)";
				TEST_HOST = "$(BUILT_PRODUCTS_DIR)/JNews.app/JNews";
			};
			name = Debug;
		};
		D75AA8451E5BEDF4002B001A /* Release */ = {
			isa = XCBuildConfiguration;
			buildSettings = {
				BUNDLE_LOADER = "$(TEST_HOST)";
				INFOPLIST_FILE = JNewsTests/Info.plist;
				LD_RUNPATH_SEARCH_PATHS = "$(inherited) @executable_path/Frameworks @loader_path/Frameworks";
				PRODUCT_BUNDLE_IDENTIFIER = com.LassZhang.JNewsTests;
				PRODUCT_NAME = "$(TARGET_NAME)";
				TEST_HOST = "$(BUILT_PRODUCTS_DIR)/JNews.app/JNews";
			};
			name = Release;
		};
		D75AA8471E5BEDF4002B001A /* Debug */ = {
			isa = XCBuildConfiguration;
			buildSettings = {
				INFOPLIST_FILE = JNewsUITests/Info.plist;
				LD_RUNPATH_SEARCH_PATHS = "$(inherited) @executable_path/Frameworks @loader_path/Frameworks";
				PRODUCT_BUNDLE_IDENTIFIER = com.LassZhang.JNewsUITests;
				PRODUCT_NAME = "$(TARGET_NAME)";
				TEST_TARGET_NAME = JNews;
			};
			name = Debug;
		};
		D75AA8481E5BEDF4002B001A /* Release */ = {
			isa = XCBuildConfiguration;
			buildSettings = {
				INFOPLIST_FILE = JNewsUITests/Info.plist;
				LD_RUNPATH_SEARCH_PATHS = "$(inherited) @executable_path/Frameworks @loader_path/Frameworks";
				PRODUCT_BUNDLE_IDENTIFIER = com.LassZhang.JNewsUITests;
				PRODUCT_NAME = "$(TARGET_NAME)";
				TEST_TARGET_NAME = JNews;
			};
			name = Release;
		};
/* End XCBuildConfiguration section */

/* Begin XCConfigurationList section */
		D75AA80E1E5BEDF4002B001A /* Build configuration list for PBXProject "JNews" */ = {
			isa = XCConfigurationList;
			buildConfigurations = (
				D75AA83E1E5BEDF4002B001A /* Debug */,
				D75AA83F1E5BEDF4002B001A /* Release */,
			);
			defaultConfigurationIsVisible = 0;
			defaultConfigurationName = Release;
		};
		D75AA8401E5BEDF4002B001A /* Build configuration list for PBXNativeTarget "JNews" */ = {
			isa = XCConfigurationList;
			buildConfigurations = (
				D75AA8411E5BEDF4002B001A /* Debug */,
				D75AA8421E5BEDF4002B001A /* Release */,
			);
			defaultConfigurationIsVisible = 0;
		};
		D75AA8431E5BEDF4002B001A /* Build configuration list for PBXNativeTarget "JNewsTests" */ = {
			isa = XCConfigurationList;
			buildConfigurations = (
				D75AA8441E5BEDF4002B001A /* Debug */,
				D75AA8451E5BEDF4002B001A /* Release */,
			);
			defaultConfigurationIsVisible = 0;
		};
		D75AA8461E5BEDF4002B001A /* Build configuration list for PBXNativeTarget "JNewsUITests" */ = {
			isa = XCConfigurationList;
			buildConfigurations = (
				D75AA8471E5BEDF4002B001A /* Debug */,
				D75AA8481E5BEDF4002B001A /* Release */,
			);
			defaultConfigurationIsVisible = 0;
		};
/* End XCConfigurationList section */
	};
	rootObject = D75AA80B1E5BEDF4002B001A /* Project object */;
}
